
Microsoft Visual Studio Solution File, Format Version 12.00
# Visual Studio 2013
VisualStudioVersion = 12.0.21005.1
MinimumVisualStudioVersion = 10.0.40219.1
Project("{8BC9CEB8-8B4A-11D0-8D11-00A0C91BC942}") = "11_12", "11_12\11_12.vcxproj", "{17976964-088C-4875-8494-8E932B038162}"
EndProject
Project("{8BC9CEB8-8B4A-11D0-8D11-00A0C91BC942}") = "test_11_8", "..\..\..\c_code\test\test_11_8\test_11_8\test_11_8.vcxproj", "{93892263-28F5-4AC6-A4BF-53FEE279C7EA}"
EndProject
Project("{8BC9CEB8-8B4A-11D0-8D11-00A0C91BC942}") = "test_11_6", "..\..\..\c_code\test\test_11_6\test_11_6\test_11_6.vcxproj", "{30A7BD6D-C7F4-4A14-8FF7-E210E401A3FB}"
EndProject
Global
	GlobalSection(SolutionConfigurationPlatforms) = preSolution
		Debug|Win32 = Debug|Win32
		Release|Win32 = Release|Win32
	EndGlobalSection
	GlobalSection(ProjectConfigurationPlatforms) = postSolution
		{17976964-088C-4875-8494-8E932B038162}.Debug|Win32.ActiveCfg = Debug|Win32
		{17976964-088C-4875-8494-8E932B038162}.Debug|Win32.Build.0 = Debug|Win32
		{17976964-088C-4875-8494-8E932B038162}.Release|Win32.ActiveCfg = Release|Win32
		{17976964-088C-4875-8494-8E932B038162}.Release|Win32.Build.0 = Release|Win32
		{93892263-28F5-4AC6-A4BF-53FEE279C7EA}.Debug|Win32.ActiveCfg = Debug|Win32
		{93892263-28F5-4AC6-A4BF-53FEE279C7EA}.Debug|Win32.Build.0 = Debug|Win32
		{93892263-28F5-4AC6-A4BF-53FEE279C7EA}.Release|Win32.ActiveCfg = Release|Win32
		{93892263-28F5-4AC6-A4BF-53FEE279C7EA}.Release|Win32.Build.0 = Release|Win32
		{30A7BD6D-C7F4-4A14-8FF7-E210E401A3FB}.Debug|Win32.ActiveCfg = Debug|Win32
		{30A7BD6D-C7F4-4A14-8FF7-E210E401A3FB}.Debug|Win32.Build.0 = Debug|Win32
		{30A7BD6D-C7F4-4A14-8FF7-E210E401A3FB}.Release|Win32.ActiveCfg = Release|Win32
		{30A7BD6D-C7F4-4A14-8FF7-E210E401A3FB}.Release|Win32.Build.0 = Release|Win32
	EndGlobalSection
	GlobalSection(SolutionProperties) = preSolution
		HideSolutionNode = FALSE
	EndGlobalSection
EndGlobal
